
Microsoft Visual Studio Solution File, Format Version 12.00
# Visual Studio Version 17
VisualStudioVersion = 17.9.34607.119
MinimumVisualStudioVersion = 10.0.40219.1
Project("{FAE04EC0-301F-11D3-BF4B-00C04F79EFBC}") = "Event_Reminder", "Event_Reminder\Event_Reminder.csproj", "{19A157D4-A5A9-49CC-90CE-AEA4810EFCDC}"
EndProject
Global
	GlobalSection(SolutionConfigurationPlatforms) = preSolution
		Debug|Any CPU = Debug|Any CPU
		Release|Any CPU = Release|Any CPU
	EndGlobalSection
	GlobalSection(ProjectConfigurationPlatforms) = postSolution
		{19A157D4-A5A9-49CC-90CE-AEA4810EFCDC}.Debug|Any CPU.ActiveCfg = Debug|Any CPU
		{19A157D4-A5A9-49CC-90CE-AEA4810EFCDC}.Debug|Any CPU.Build.0 = Debug|Any CPU
		{19A157D4-A5A9-49CC-90CE-AEA4810EFCDC}.Release|Any CPU.ActiveCfg = Release|Any CPU
		{19A157D4-A5A9-49CC-90CE-AEA4810EFCDC}.Release|Any CPU.Build.0 = Release|Any CPU
	EndGlobalSection
	GlobalSection(SolutionProperties) = preSolution
		HideSolutionNode = FALSE
	EndGlobalSection
	GlobalSection(ExtensibilityGlobals) = postSolution
		SolutionGuid = {54333F2F-73AB-4250-989A-0327A4A8DC4E}
	EndGlobalSection
EndGlobal
